
Microsoft Visual Studio Solution File, Format Version 12.00
# Visual Studio Version 16
VisualStudioVersion = 16.0.29326.143
MinimumVisualStudioVersion = 10.0.40219.1
Project("{9A19103F-16F7-4668-BE54-9A1E7A4F7556}") = "WebSearcher.Entities", "WebSearcher.Entities\WebSearcher.Entities.csproj", "{23B79BCF-C5E9-4DF4-9ECC-E9FEE4FA7172}"
EndProject
Project("{9A19103F-16F7-4668-BE54-9A1E7A4F7556}") = "WebSearcher.DataAccess", "WebSearcher.DataAccess\WebSearcher.DataAccess.csproj", "{D9BFF791-52AF-44C4-95E9-3362369E7C76}"
EndProject
Project("{9A19103F-16F7-4668-BE54-9A1E7A4F7556}") = "WebSearcher.Common", "WebSearcher.Common\WebSearcher.Common.csproj", "{5BB18902-5980-4A27-A505-501ADA8DF790}"
EndProject
Project("{9A19103F-16F7-4668-BE54-9A1E7A4F7556}") = "WebSearcher.Collector", "WebSearcher.Collector\WebSearcher.Collector.csproj", "{473FC01C-AEBB-472E-A6B6-572A840F43A2}"
EndProject
Project("{9A19103F-16F7-4668-BE54-9A1E7A4F7556}") = "HtmlParser", "HtmlParser\HtmlParser.csproj", "{DE7A03AE-BDEA-44EB-99C0-D0990A9BEA39}"
EndProject
Project("{2150E333-8FDC-42A3-9474-1A3956D46DE8}") = "HtmlParser", "HtmlParser", "{BA83E05A-4FCA-40C2-ABC4-69A691AC6099}"
EndProject
Project("{2150E333-8FDC-42A3-9474-1A3956D46DE8}") = "Collector", "Collector", "{26B7C842-FFDB-4D5D-9FB2-2EA3220DEE62}"
EndProject
Project("{9A19103F-16F7-4668-BE54-9A1E7A4F7556}") = "WebSearcher.CollectorRunner", "WebSearcher.CollectorRunner\WebSearcher.CollectorRunner.csproj", "{00C73FE2-92D8-4D99-BCBB-AABE5A564F00}"
EndProject
Project("{9A19103F-16F7-4668-BE54-9A1E7A4F7556}") = "HtmlParser.Tests", "HtmlParser.Tests\HtmlParser.Tests.csproj", "{3B9FD875-7FBE-4E4F-8770-5F5684A512F2}"
EndProject
Project("{2150E333-8FDC-42A3-9474-1A3956D46DE8}") = "Tests", "Tests", "{A4BEE686-3F86-49AE-A49C-F96BACDC2621}"
EndProject
Project("{9A19103F-16F7-4668-BE54-9A1E7A4F7556}") = "WebSearcher.CollectorTests", "WebSearcher.CollectorTests\WebSearcher.CollectorTests.csproj", "{282F85A9-2D11-4507-BEA3-48232001367B}"
EndProject
Project("{2150E333-8FDC-42A3-9474-1A3956D46DE8}") = "Web", "Web", "{F18B2564-77F8-48FE-B570-329E624E13BA}"
EndProject
Project("{FAE04EC0-301F-11D3-BF4B-00C04F79EFBC}") = "WebSearcher.WebApi", "WebSearcher.WebApi\WebSearcher.WebApi.csproj", "{568CA177-A2EC-4F1D-9C78-F436B48A6E0F}"
EndProject
Global
	GlobalSection(SolutionConfigurationPlatforms) = preSolution
		Debug|Any CPU = Debug|Any CPU
		Release|Any CPU = Release|Any CPU
	EndGlobalSection
	GlobalSection(ProjectConfigurationPlatforms) = postSolution
		{23B79BCF-C5E9-4DF4-9ECC-E9FEE4FA7172}.Debug|Any CPU.ActiveCfg = Debug|Any CPU
		{23B79BCF-C5E9-4DF4-9ECC-E9FEE4FA7172}.Debug|Any CPU.Build.0 = Debug|Any CPU
		{23B79BCF-C5E9-4DF4-9ECC-E9FEE4FA7172}.Release|Any CPU.ActiveCfg = Release|Any CPU
		{23B79BCF-C5E9-4DF4-9ECC-E9FEE4FA7172}.Release|Any CPU.Build.0 = Release|Any CPU
		{D9BFF791-52AF-44C4-95E9-3362369E7C76}.Debug|Any CPU.ActiveCfg = Debug|Any CPU
		{D9BFF791-52AF-44C4-95E9-3362369E7C76}.Debug|Any CPU.Build.0 = Debug|Any CPU
		{D9BFF791-52AF-44C4-95E9-3362369E7C76}.Release|Any CPU.ActiveCfg = Release|Any CPU
		{D9BFF791-52AF-44C4-95E9-3362369E7C76}.Release|Any CPU.Build.0 = Release|Any CPU
		{5BB18902-5980-4A27-A505-501ADA8DF790}.Debug|Any CPU.ActiveCfg = Debug|Any CPU
		{5BB18902-5980-4A27-A505-501ADA8DF790}.Debug|Any CPU.Build.0 = Debug|Any CPU
		{5BB18902-5980-4A27-A505-501ADA8DF790}.Release|Any CPU.ActiveCfg = Release|Any CPU
		{5BB18902-5980-4A27-A505-501ADA8DF790}.Release|Any CPU.Build.0 = Release|Any CPU
		{473FC01C-AEBB-472E-A6B6-572A840F43A2}.Debug|Any CPU.ActiveCfg = Debug|Any CPU
		{473FC01C-AEBB-472E-A6B6-572A840F43A2}.Debug|Any CPU.Build.0 = Debug|Any CPU
		{473FC01C-AEBB-472E-A6B6-572A840F43A2}.Release|Any CPU.ActiveCfg = Release|Any CPU
		{473FC01C-AEBB-472E-A6B6-572A840F43A2}.Release|Any CPU.Build.0 = Release|Any CPU
		{DE7A03AE-BDEA-44EB-99C0-D0990A9BEA39}.Debug|Any CPU.ActiveCfg = Debug|Any CPU
		{DE7A03AE-BDEA-44EB-99C0-D0990A9BEA39}.Debug|Any CPU.Build.0 = Debug|Any CPU
		{DE7A03AE-BDEA-44EB-99C0-D0990A9BEA39}.Release|Any CPU.ActiveCfg = Release|Any CPU
		{DE7A03AE-BDEA-44EB-99C0-D0990A9BEA39}.Release|Any CPU.Build.0 = Release|Any CPU
		{00C73FE2-92D8-4D99-BCBB-AABE5A564F00}.Debug|Any CPU.ActiveCfg = Debug|Any CPU
		{00C73FE2-92D8-4D99-BCBB-AABE5A564F00}.Debug|Any CPU.Build.0 = Debug|Any CPU
		{00C73FE2-92D8-4D99-BCBB-AABE5A564F00}.Release|Any CPU.ActiveCfg = Release|Any CPU
		{00C73FE2-92D8-4D99-BCBB-AABE5A564F00}.Release|Any CPU.Build.0 = Release|Any CPU
		{3B9FD875-7FBE-4E4F-8770-5F5684A512F2}.Debug|Any CPU.ActiveCfg = Debug|Any CPU
		{3B9FD875-7FBE-4E4F-8770-5F5684A512F2}.Debug|Any CPU.Build.0 = Debug|Any CPU
		{3B9FD875-7FBE-4E4F-8770-5F5684A512F2}.Release|Any CPU.ActiveCfg = Release|Any CPU
		{3B9FD875-7FBE-4E4F-8770-5F5684A512F2}.Release|Any CPU.Build.0 = Release|Any CPU
		{282F85A9-2D11-4507-BEA3-48232001367B}.Debug|Any CPU.ActiveCfg = Debug|Any CPU
		{282F85A9-2D11-4507-BEA3-48232001367B}.Debug|Any CPU.Build.0 = Debug|Any CPU
		{282F85A9-2D11-4507-BEA3-48232001367B}.Release|Any CPU.ActiveCfg = Release|Any CPU
		{282F85A9-2D11-4507-BEA3-48232001367B}.Release|Any CPU.Build.0 = Release|Any CPU
		{568CA177-A2EC-4F1D-9C78-F436B48A6E0F}.Debug|Any CPU.ActiveCfg = Debug|Any CPU
		{568CA177-A2EC-4F1D-9C78-F436B48A6E0F}.Debug|Any CPU.Build.0 = Debug|Any CPU
		{568CA177-A2EC-4F1D-9C78-F436B48A6E0F}.Release|Any CPU.ActiveCfg = Release|Any CPU
		{568CA177-A2EC-4F1D-9C78-F436B48A6E0F}.Release|Any CPU.Build.0 = Release|Any CPU
	EndGlobalSection
	GlobalSection(SolutionProperties) = preSolution
		HideSolutionNode = FALSE
	EndGlobalSection
	GlobalSection(NestedProjects) = preSolution
		{473FC01C-AEBB-472E-A6B6-572A840F43A2} = {26B7C842-FFDB-4D5D-9FB2-2EA3220DEE62}
		{DE7A03AE-BDEA-44EB-99C0-D0990A9BEA39} = {BA83E05A-4FCA-40C2-ABC4-69A691AC6099}
		{00C73FE2-92D8-4D99-BCBB-AABE5A564F00} = {26B7C842-FFDB-4D5D-9FB2-2EA3220DEE62}
		{3B9FD875-7FBE-4E4F-8770-5F5684A512F2} = {BA83E05A-4FCA-40C2-ABC4-69A691AC6099}
		{282F85A9-2D11-4507-BEA3-48232001367B} = {A4BEE686-3F86-49AE-A49C-F96BACDC2621}
		{568CA177-A2EC-4F1D-9C78-F436B48A6E0F} = {F18B2564-77F8-48FE-B570-329E624E13BA}
	EndGlobalSection
	GlobalSection(ExtensibilityGlobals) = postSolution
		SolutionGuid = {52ACAEC5-F428-4473-A459-C698B42041D2}
	EndGlobalSection
EndGlobal
