
Microsoft Visual Studio Solution File, Format Version 12.00
# Visual Studio 15
VisualStudioVersion = 15.0.28307.136
MinimumVisualStudioVersion = 10.0.40219.1
Project("{FAE04EC0-301F-11D3-BF4B-00C04F79EFBC}") = "WebSearcher.App", "WebSearcher.App\WebSearcher.App.csproj", "{C912D39C-928A-48AE-9B2C-4D25FC38664F}"
EndProject
Project("{FAE04EC0-301F-11D3-BF4B-00C04F79EFBC}") = "WebSearcher.Entities", "WebSearcher.Entities\WebSearcher.Entities.csproj", "{23B79BCF-C5E9-4DF4-9ECC-E9FEE4FA7172}"
EndProject
Project("{FAE04EC0-301F-11D3-BF4B-00C04F79EFBC}") = "WebSearcher.DataAccess", "WebSearcher.DataAccess\WebSearcher.DataAccess.csproj", "{D9BFF791-52AF-44C4-95E9-3362369E7C76}"
EndProject
Project("{FAE04EC0-301F-11D3-BF4B-00C04F79EFBC}") = "WebSearcher.Common", "WebSearcher.Common\WebSearcher.Common.csproj", "{5BB18902-5980-4A27-A505-501ADA8DF790}"
EndProject
Project("{FAE04EC0-301F-11D3-BF4B-00C04F79EFBC}") = "WebSearcher.Collector", "WebSearcher.Collector\WebSearcher.Collector.csproj", "{473FC01C-AEBB-472E-A6B6-572A840F43A2}"
EndProject
Global
	GlobalSection(SolutionConfigurationPlatforms) = preSolution
		Debug|Any CPU = Debug|Any CPU
		Release|Any CPU = Release|Any CPU
	EndGlobalSection
	GlobalSection(ProjectConfigurationPlatforms) = postSolution
		{C912D39C-928A-48AE-9B2C-4D25FC38664F}.Debug|Any CPU.ActiveCfg = Debug|Any CPU
		{C912D39C-928A-48AE-9B2C-4D25FC38664F}.Debug|Any CPU.Build.0 = Debug|Any CPU
		{C912D39C-928A-48AE-9B2C-4D25FC38664F}.Release|Any CPU.ActiveCfg = Release|Any CPU
		{C912D39C-928A-48AE-9B2C-4D25FC38664F}.Release|Any CPU.Build.0 = Release|Any CPU
		{23B79BCF-C5E9-4DF4-9ECC-E9FEE4FA7172}.Debug|Any CPU.ActiveCfg = Debug|Any CPU
		{23B79BCF-C5E9-4DF4-9ECC-E9FEE4FA7172}.Debug|Any CPU.Build.0 = Debug|Any CPU
		{23B79BCF-C5E9-4DF4-9ECC-E9FEE4FA7172}.Release|Any CPU.ActiveCfg = Release|Any CPU
		{23B79BCF-C5E9-4DF4-9ECC-E9FEE4FA7172}.Release|Any CPU.Build.0 = Release|Any CPU
		{D9BFF791-52AF-44C4-95E9-3362369E7C76}.Debug|Any CPU.ActiveCfg = Debug|Any CPU
		{D9BFF791-52AF-44C4-95E9-3362369E7C76}.Debug|Any CPU.Build.0 = Debug|Any CPU
		{D9BFF791-52AF-44C4-95E9-3362369E7C76}.Release|Any CPU.ActiveCfg = Release|Any CPU
		{D9BFF791-52AF-44C4-95E9-3362369E7C76}.Release|Any CPU.Build.0 = Release|Any CPU
		{5BB18902-5980-4A27-A505-501ADA8DF790}.Debug|Any CPU.ActiveCfg = Debug|Any CPU
		{5BB18902-5980-4A27-A505-501ADA8DF790}.Debug|Any CPU.Build.0 = Debug|Any CPU
		{5BB18902-5980-4A27-A505-501ADA8DF790}.Release|Any CPU.ActiveCfg = Release|Any CPU
		{5BB18902-5980-4A27-A505-501ADA8DF790}.Release|Any CPU.Build.0 = Release|Any CPU
		{473FC01C-AEBB-472E-A6B6-572A840F43A2}.Debug|Any CPU.ActiveCfg = Debug|Any CPU
		{473FC01C-AEBB-472E-A6B6-572A840F43A2}.Debug|Any CPU.Build.0 = Debug|Any CPU
		{473FC01C-AEBB-472E-A6B6-572A840F43A2}.Release|Any CPU.ActiveCfg = Release|Any CPU
		{473FC01C-AEBB-472E-A6B6-572A840F43A2}.Release|Any CPU.Build.0 = Release|Any CPU
	EndGlobalSection
	GlobalSection(SolutionProperties) = preSolution
		HideSolutionNode = FALSE
	EndGlobalSection
	GlobalSection(ExtensibilityGlobals) = postSolution
		SolutionGuid = {52ACAEC5-F428-4473-A459-C698B42041D2}
	EndGlobalSection
EndGlobal
